
Microsoft Visual Studio Solution File, Format Version 12.00
# Visual Studio Version 17
VisualStudioVersion = 17.8.34309.116
MinimumVisualStudioVersion = 10.0.40219.1
Project("{FAE04EC0-301F-11D3-BF4B-00C04F79EFBC}") = "towing-drivers-microservice", "towing-drivers-microservice\towing-drivers-microservice.csproj", "{6EC951A6-1DAA-44A3-8A7F-B1270C4CB3C8}"
EndProject
Global
	GlobalSection(SolutionConfigurationPlatforms) = preSolution
		Debug|Any CPU = Debug|Any CPU
		Release|Any CPU = Release|Any CPU
	EndGlobalSection
	GlobalSection(ProjectConfigurationPlatforms) = postSolution
		{6EC951A6-1DAA-44A3-8A7F-B1270C4CB3C8}.Debug|Any CPU.ActiveCfg = Debug|Any CPU
		{6EC951A6-1DAA-44A3-8A7F-B1270C4CB3C8}.Debug|Any CPU.Build.0 = Debug|Any CPU
		{6EC951A6-1DAA-44A3-8A7F-B1270C4CB3C8}.Release|Any CPU.ActiveCfg = Release|Any CPU
		{6EC951A6-1DAA-44A3-8A7F-B1270C4CB3C8}.Release|Any CPU.Build.0 = Release|Any CPU
	EndGlobalSection
	GlobalSection(SolutionProperties) = preSolution
		HideSolutionNode = FALSE
	EndGlobalSection
	GlobalSection(ExtensibilityGlobals) = postSolution
		SolutionGuid = {43E1CEC7-4401-4CA2-9731-4DB2F803525E}
	EndGlobalSection
EndGlobal
